// !$*UTF8*$!
{
	archiveVersion = 1;
	classes = {
	};
	objectVersion = 54;
	objects = {

/* Begin PBXBuildFile section */
		05A14F2CB381A6DA573ED7D4 /* FlatBuffers in Frameworks */ = {isa = PBXBuildFile; productRef = 27A45A537F41B6F2283F41E1 /* FlatBuffers */; };
		105B3B5416BFBE5FCCBFB4AE /* App.swift in Sources */ = {isa = PBXBuildFile; fileRef = 549834D395C23FDB99E7FA40 /* App.swift */; };
		11750078DA48DA4AB41A259E /* NmpUpdate.generated.swift in Sources */ = {isa = PBXBuildFile; fileRef = E517E4888FC04BDFBA36B1C3 /* NmpUpdate.generated.swift */; };
		18712CA3CB61E27CCD5D41CD /* M002RelayFlowUITests.swift in Sources */ = {isa = PBXBuildFile; fileRef = 109012C63A4C733E35441200 /* M002RelayFlowUITests.swift */; };
		1B936EDC3EB01641F7D22735 /* KernelUpdateFrameDecoder.swift in Sources */ = {isa = PBXBuildFile; fileRef = F6042A9266ACB4F8A1BAC1E3 /* KernelUpdateFrameDecoder.swift */; };
		299322783E4F97821BCDEA75 /* TypedProjectionGlue.swift in Sources */ = {isa = PBXBuildFile; fileRef = 57C6389FB46990ABFC8B387E /* TypedProjectionGlue.swift */; };
		2AC60DBC2F60DE169BDAE1AC /* KernelModel+Apply.swift in Sources */ = {isa = PBXBuildFile; fileRef = EBF03993A560914185BA3E8A /* KernelModel+Apply.swift */; };
		2E3B9C62EDF8200593D23781 /* GroupTree.swift in Sources */ = {isa = PBXBuildFile; fileRef = 99696704A85A57CC885F55AF /* GroupTree.swift */; };
		42698E6B26592C89A9A89CDA /* KeychainCapability.swift in Sources */ = {isa = PBXBuildFile; fileRef = 91C35535B6E84575DDC847F5 /* KeychainCapability.swift */; };
		502091213898ECEAF798A254 /* DiscoveredGroups.generated.swift in Sources */ = {isa = PBXBuildFile; fileRef = 2F0838D20014D25E25BFE6D7 /* DiscoveredGroups.generated.swift */; };
		FA0001AD0001AD0001AD0001 /* GroupDefaults.generated.swift in Sources */ = {isa = PBXBuildFile; fileRef = FB0002AD0002AD0002AD0002 /* GroupDefaults.generated.swift */; };
		6294BB109EC52668BC0483DC /* GroupTimeline.generated.swift in Sources */ = {isa = PBXBuildFile; fileRef = 6EDA103286E91B1A28E6FA71 /* GroupTimeline.generated.swift */; };
		78A47E212755CAECACF88B67 /* KernelUpdateTypes.swift in Sources */ = {isa = PBXBuildFile; fileRef = 398E1727FD663BB294EBBFC8 /* KernelUpdateTypes.swift */; };
		86BF88172B8EBF6FEE37D0BB /* KernelModel.swift in Sources */ = {isa = PBXBuildFile; fileRef = A44EFA1C646FBE80DAC3D74A /* KernelModel.swift */; };
		875EFDC7FDDC2917D19FF2A6 /* publish_outbox_generated.swift in Sources */ = {isa = PBXBuildFile; fileRef = 09FED775124E2D75B2F02B67 /* publish_outbox_generated.swift */; };
		8CC741A425C070F2840643E6 /* KernelModel+Lifecycle.swift in Sources */ = {isa = PBXBuildFile; fileRef = 4FEB12768B0FD8100165158C /* KernelModel+Lifecycle.swift */; };
		8E75BE09E1806CA1CD46DD71 /* group_members_generated.swift in Sources */ = {isa = PBXBuildFile; fileRef = 64A0B37AB0BBC1B3CBE0514C /* group_members_generated.swift */; };
		98E1E66EA87E5D5B6533C34B /* ActiveAccount.generated.swift in Sources */ = {isa = PBXBuildFile; fileRef = E8E4D7ADA8368CFA74D520CB /* ActiveAccount.generated.swift */; };
		A3C9A4EBF2FD6DD86860148A /* DataStates.swift in Sources */ = {isa = PBXBuildFile; fileRef = FE6218BA6F39080D94199D8C /* DataStates.swift */; };
		A9019E2169DEFAE360008EAF /* GroupTreeView.swift in Sources */ = {isa = PBXBuildFile; fileRef = 3574649692B54614314DB3FB /* GroupTreeView.swift */; };
		CB6817C74046035284BDFB8C /* TypedProjectionDecoders.swift in Sources */ = {isa = PBXBuildFile; fileRef = 40EB7A574E4557A226148EE7 /* TypedProjectionDecoders.swift */; };
		CEECD7F72DD05BE9847DF3AA /* KernelSnapshotTypes.swift in Sources */ = {isa = PBXBuildFile; fileRef = E9E3A95744A539A755CCD359 /* KernelSnapshotTypes.swift */; };
		DC9DF228B6B708C8A180DF5D /* group_tree_generated.swift in Sources */ = {isa = PBXBuildFile; fileRef = C93BB1F3B7983052316B136A /* group_tree_generated.swift */; };
		E9A83B8AD108D592CB4581D8 /* OnboardingView.swift in Sources */ = {isa = PBXBuildFile; fileRef = FC0F99E54E0D07D0CD105A5E /* OnboardingView.swift */; };
		ED2181C6AE7C7BD804C1294B /* TwentyNinerCapabilities.swift in Sources */ = {isa = PBXBuildFile; fileRef = B145FF42AA446276AEFA3B3D /* TwentyNinerCapabilities.swift */; };
		F022F5F5AD1D3FEB8A3C95F1 /* GroupDiscoveryBridge.swift in Sources */ = {isa = PBXBuildFile; fileRef = 5A9DE15067F695623D8E628E /* GroupDiscoveryBridge.swift */; };
		F34F6188F65585822D6F52D3 /* KernelBridge.swift in Sources */ = {isa = PBXBuildFile; fileRef = D0A8194E83F64EFB225496D9 /* KernelBridge.swift */; };
/* End PBXBuildFile section */

/* Begin PBXContainerItemProxy section */
		1968355F7480F4E38866F7D0 /* PBXContainerItemProxy */ = {
			isa = PBXContainerItemProxy;
			containerPortal = B280EC427FE3599B00280474 /* Project object */;
			proxyType = 1;
			remoteGlobalIDString = 338017996F4FC4480CD7ABFB;
			remoteInfo = 29er;
		};
/* End PBXContainerItemProxy section */

/* Begin PBXFileReference section */
		09FED775124E2D75B2F02B67 /* publish_outbox_generated.swift */ = {isa = PBXFileReference; lastKnownFileType = sourcecode.swift; path = publish_outbox_generated.swift; sourceTree = "<group>"; };
		109012C63A4C733E35441200 /* M002RelayFlowUITests.swift */ = {isa = PBXFileReference; lastKnownFileType = sourcecode.swift; path = M002RelayFlowUITests.swift; sourceTree = "<group>"; };
		1DB0967B8681681998F8975C /* NmpCore.h */ = {isa = PBXFileReference; lastKnownFileType = sourcecode.c.h; path = NmpCore.h; sourceTree = "<group>"; };
		2F0838D20014D25E25BFE6D7 /* DiscoveredGroups.generated.swift */ = {isa = PBXFileReference; lastKnownFileType = sourcecode.swift; path = DiscoveredGroups.generated.swift; sourceTree = "<group>"; };
		FB0002AD0002AD0002AD0002 /* GroupDefaults.generated.swift */ = {isa = PBXFileReference; lastKnownFileType = sourcecode.swift; path = GroupDefaults.generated.swift; sourceTree = "<group>"; };
		3574649692B54614314DB3FB /* GroupTreeView.swift */ = {isa = PBXFileReference; lastKnownFileType = sourcecode.swift; path = GroupTreeView.swift; sourceTree = "<group>"; };
		398E1727FD663BB294EBBFC8 /* KernelUpdateTypes.swift */ = {isa = PBXFileReference; lastKnownFileType = sourcecode.swift; path = KernelUpdateTypes.swift; sourceTree = "<group>"; };
		40EB7A574E4557A226148EE7 /* TypedProjectionDecoders.swift */ = {isa = PBXFileReference; lastKnownFileType = sourcecode.swift; path = TypedProjectionDecoders.swift; sourceTree = "<group>"; };
		4FEB12768B0FD8100165158C /* KernelModel+Lifecycle.swift */ = {isa = PBXFileReference; lastKnownFileType = sourcecode.swift; path = "KernelModel+Lifecycle.swift"; sourceTree = "<group>"; };
		549834D395C23FDB99E7FA40 /* App.swift */ = {isa = PBXFileReference; lastKnownFileType = sourcecode.swift; path = App.swift; sourceTree = "<group>"; };
		57C6389FB46990ABFC8B387E /* TypedProjectionGlue.swift */ = {isa = PBXFileReference; lastKnownFileType = sourcecode.swift; path = TypedProjectionGlue.swift; sourceTree = "<group>"; };
		59213A5D5C56D037A2DE4178 /* 29er.app */ = {isa = PBXFileReference; includeInIndex = 0; lastKnownFileType = wrapper.application; path = 29er.app; sourceTree = BUILT_PRODUCTS_DIR; };
		5A9DE15067F695623D8E628E /* GroupDiscoveryBridge.swift */ = {isa = PBXFileReference; lastKnownFileType = sourcecode.swift; path = GroupDiscoveryBridge.swift; sourceTree = "<group>"; };
		64A0B37AB0BBC1B3CBE0514C /* group_members_generated.swift */ = {isa = PBXFileReference; lastKnownFileType = sourcecode.swift; path = group_members_generated.swift; sourceTree = "<group>"; };
		650203D4CC566A177718AC98 /* 29erUITests.xctest */ = {isa = PBXFileReference; includeInIndex = 0; lastKnownFileType = wrapper.cfbundle; path = 29erUITests.xctest; sourceTree = BUILT_PRODUCTS_DIR; };
		6EDA103286E91B1A28E6FA71 /* GroupTimeline.generated.swift */ = {isa = PBXFileReference; lastKnownFileType = sourcecode.swift; path = GroupTimeline.generated.swift; sourceTree = "<group>"; };
		7092CE6CC5D073A49E895172 /* 29er.entitlements */ = {isa = PBXFileReference; lastKnownFileType = text.plist.entitlements; path = 29er.entitlements; sourceTree = "<group>"; };
		91C35535B6E84575DDC847F5 /* KeychainCapability.swift */ = {isa = PBXFileReference; lastKnownFileType = sourcecode.swift; path = KeychainCapability.swift; sourceTree = "<group>"; };
		99696704A85A57CC885F55AF /* GroupTree.swift */ = {isa = PBXFileReference; lastKnownFileType = sourcecode.swift; path = GroupTree.swift; sourceTree = "<group>"; };
		A44EFA1C646FBE80DAC3D74A /* KernelModel.swift */ = {isa = PBXFileReference; lastKnownFileType = sourcecode.swift; path = KernelModel.swift; sourceTree = "<group>"; };
		B145FF42AA446276AEFA3B3D /* TwentyNinerCapabilities.swift */ = {isa = PBXFileReference; lastKnownFileType = sourcecode.swift; path = TwentyNinerCapabilities.swift; sourceTree = "<group>"; };
		BAE20A89BDA40FFA8C355E18 /* Info.plist */ = {isa = PBXFileReference; lastKnownFileType = text.plist; path = Info.plist; sourceTree = "<group>"; };
		C93BB1F3B7983052316B136A /* group_tree_generated.swift */ = {isa = PBXFileReference; lastKnownFileType = sourcecode.swift; path = group_tree_generated.swift; sourceTree = "<group>"; };
		D0A8194E83F64EFB225496D9 /* KernelBridge.swift */ = {isa = PBXFileReference; lastKnownFileType = sourcecode.swift; path = KernelBridge.swift; sourceTree = "<group>"; };
		E517E4888FC04BDFBA36B1C3 /* NmpUpdate.generated.swift */ = {isa = PBXFileReference; lastKnownFileType = sourcecode.swift; path = NmpUpdate.generated.swift; sourceTree = "<group>"; };
		E8E4D7ADA8368CFA74D520CB /* ActiveAccount.generated.swift */ = {isa = PBXFileReference; lastKnownFileType = sourcecode.swift; path = ActiveAccount.generated.swift; sourceTree = "<group>"; };
		E9E3A95744A539A755CCD359 /* KernelSnapshotTypes.swift */ = {isa = PBXFileReference; lastKnownFileType = sourcecode.swift; path = KernelSnapshotTypes.swift; sourceTree = "<group>"; };
		EBF03993A560914185BA3E8A /* KernelModel+Apply.swift */ = {isa = PBXFileReference; lastKnownFileType = sourcecode.swift; path = "KernelModel+Apply.swift"; sourceTree = "<group>"; };
		F6042A9266ACB4F8A1BAC1E3 /* KernelUpdateFrameDecoder.swift */ = {isa = PBXFileReference; lastKnownFileType = sourcecode.swift; path = KernelUpdateFrameDecoder.swift; sourceTree = "<group>"; };
		FC0F99E54E0D07D0CD105A5E /* OnboardingView.swift */ = {isa = PBXFileReference; lastKnownFileType = sourcecode.swift; path = OnboardingView.swift; sourceTree = "<group>"; };
		FE6218BA6F39080D94199D8C /* DataStates.swift */ = {isa = PBXFileReference; lastKnownFileType = sourcecode.swift; path = DataStates.swift; sourceTree = "<group>"; };
/* End PBXFileReference section */

/* Begin PBXFrameworksBuildPhase section */
		638F9A46D55D85EA0B4724F4 /* Frameworks */ = {
			isa = PBXFrameworksBuildPhase;
			buildActionMask = 2147483647;
			files = (
				05A14F2CB381A6DA573ED7D4 /* FlatBuffers in Frameworks */,
			);
			runOnlyForDeploymentPostprocessing = 0;
		};
/* End PBXFrameworksBuildPhase section */

/* Begin PBXGroup section */
		41C2E984B1BBA22F80C8524B /* Bridge */ = {
			isa = PBXGroup;
			children = (
				5A9DE15067F695623D8E628E /* GroupDiscoveryBridge.swift */,
				99696704A85A57CC885F55AF /* GroupTree.swift */,
				D0A8194E83F64EFB225496D9 /* KernelBridge.swift */,
				A44EFA1C646FBE80DAC3D74A /* KernelModel.swift */,
				EBF03993A560914185BA3E8A /* KernelModel+Apply.swift */,
				4FEB12768B0FD8100165158C /* KernelModel+Lifecycle.swift */,
				E9E3A95744A539A755CCD359 /* KernelSnapshotTypes.swift */,
				F6042A9266ACB4F8A1BAC1E3 /* KernelUpdateFrameDecoder.swift */,
				398E1727FD663BB294EBBFC8 /* KernelUpdateTypes.swift */,
				1DB0967B8681681998F8975C /* NmpCore.h */,
				40EB7A574E4557A226148EE7 /* TypedProjectionDecoders.swift */,
				57C6389FB46990ABFC8B387E /* TypedProjectionGlue.swift */,
				F792BDA50C570A7B011D189B /* Generated */,
			);
			path = Bridge;
			sourceTree = "<group>";
		};
		50EF68A593F59780BB7A7FF9 /* Products */ = {
			isa = PBXGroup;
			children = (
				59213A5D5C56D037A2DE4178 /* 29er.app */,
				650203D4CC566A177718AC98 /* 29erUITests.xctest */,
			);
			name = Products;
			sourceTree = "<group>";
		};
		5CE47AC93F41DF0AA3BCDFA7 /* Features */ = {
			isa = PBXGroup;
			children = (
				FE6218BA6F39080D94199D8C /* DataStates.swift */,
				3574649692B54614314DB3FB /* GroupTreeView.swift */,
				FC0F99E54E0D07D0CD105A5E /* OnboardingView.swift */,
			);
			path = Features;
			sourceTree = "<group>";
		};
		9AE49A5C0DD80BAF4516CF12 /* 29erUITests */ = {
			isa = PBXGroup;
			children = (
				109012C63A4C733E35441200 /* M002RelayFlowUITests.swift */,
			);
			path = 29erUITests;
			sourceTree = "<group>";
		};
		E785513BA1B7EA42D3730DAF /* Capabilities */ = {
			isa = PBXGroup;
			children = (
				91C35535B6E84575DDC847F5 /* KeychainCapability.swift */,
				B145FF42AA446276AEFA3B3D /* TwentyNinerCapabilities.swift */,
			);
			path = Capabilities;
			sourceTree = "<group>";
		};
		EF7BC437577A917533A45BD8 = {
			isa = PBXGroup;
			children = (
				F43BB2E5A671B8868C76E1F2 /* 29er */,
				9AE49A5C0DD80BAF4516CF12 /* 29erUITests */,
				50EF68A593F59780BB7A7FF9 /* Products */,
			);
			sourceTree = "<group>";
		};
		F43BB2E5A671B8868C76E1F2 /* 29er */ = {
			isa = PBXGroup;
			children = (
				7092CE6CC5D073A49E895172 /* 29er.entitlements */,
				549834D395C23FDB99E7FA40 /* App.swift */,
				BAE20A89BDA40FFA8C355E18 /* Info.plist */,
				41C2E984B1BBA22F80C8524B /* Bridge */,
				E785513BA1B7EA42D3730DAF /* Capabilities */,
				5CE47AC93F41DF0AA3BCDFA7 /* Features */,
			);
			path = 29er;
			sourceTree = "<group>";
		};
		F792BDA50C570A7B011D189B /* Generated */ = {
			isa = PBXGroup;
			children = (
				E8E4D7ADA8368CFA74D520CB /* ActiveAccount.generated.swift */,
				2F0838D20014D25E25BFE6D7 /* DiscoveredGroups.generated.swift */,
				FB0002AD0002AD0002AD0002 /* GroupDefaults.generated.swift */,
				64A0B37AB0BBC1B3CBE0514C /* group_members_generated.swift */,
				C93BB1F3B7983052316B136A /* group_tree_generated.swift */,
				6EDA103286E91B1A28E6FA71 /* GroupTimeline.generated.swift */,
				E517E4888FC04BDFBA36B1C3 /* NmpUpdate.generated.swift */,
				09FED775124E2D75B2F02B67 /* publish_outbox_generated.swift */,
			);
			path = Generated;
			sourceTree = "<group>";
		};
/* End PBXGroup section */

/* Begin PBXNativeTarget section */
		338017996F4FC4480CD7ABFB /* 29er */ = {
			isa = PBXNativeTarget;
			buildConfigurationList = 4AA1DC76458F6BB2743AC23D /* Build configuration list for PBXNativeTarget "29er" */;
			buildPhases = (
				74942A27B400182018C0456D /* Sources */,
				638F9A46D55D85EA0B4724F4 /* Frameworks */,
			);
			buildRules = (
			);
			dependencies = (
			);
			name = 29er;
			packageProductDependencies = (
				27A45A537F41B6F2283F41E1 /* FlatBuffers */,
			);
			productName = 29er;
			productReference = 59213A5D5C56D037A2DE4178 /* 29er.app */;
			productType = "com.apple.product-type.application";
		};
		3EC9923E3C8FCBC0C743E632 /* 29erUITests */ = {
			isa = PBXNativeTarget;
			buildConfigurationList = 701DB151F73F453C04918713 /* Build configuration list for PBXNativeTarget "29erUITests" */;
			buildPhases = (
				0CCBA53B9F1867C7D0837C0E /* Sources */,
			);
			buildRules = (
			);
			dependencies = (
				B116C4D1CF97305435B87626 /* PBXTargetDependency */,
			);
			name = 29erUITests;
			packageProductDependencies = (
			);
			productName = 29erUITests;
			productReference = 650203D4CC566A177718AC98 /* 29erUITests.xctest */;
			productType = "com.apple.product-type.bundle.ui-testing";
		};
/* End PBXNativeTarget section */

/* Begin PBXProject section */
		B280EC427FE3599B00280474 /* Project object */ = {
			isa = PBXProject;
			attributes = {
				BuildIndependentTargetsInParallel = YES;
				LastUpgradeCheck = 1430;
				TargetAttributes = {
					338017996F4FC4480CD7ABFB = {
						DevelopmentTeam = 456SHKPP26;
						ProvisioningStyle = Automatic;
					};
					3EC9923E3C8FCBC0C743E632 = {
						DevelopmentTeam = 456SHKPP26;
						ProvisioningStyle = Automatic;
						TestTargetID = 338017996F4FC4480CD7ABFB;
					};
				};
			};
			buildConfigurationList = 33911C5D171BF463D4D1553F /* Build configuration list for PBXProject "29er" */;
			compatibilityVersion = "Xcode 14.0";
			developmentRegion = en;
			hasScannedForEncodings = 0;
			knownRegions = (
				Base,
				en,
			);
			mainGroup = EF7BC437577A917533A45BD8;
			minimizedProjectReferenceProxies = 1;
			packageReferences = (
				790746444F6FF2E98C6426CC /* XCRemoteSwiftPackageReference "flatbuffers" */,
			);
			preferredProjectObjectVersion = 54;
			projectDirPath = "";
			projectRoot = "";
			targets = (
				338017996F4FC4480CD7ABFB /* 29er */,
				3EC9923E3C8FCBC0C743E632 /* 29erUITests */,
			);
		};
/* End PBXProject section */

/* Begin PBXSourcesBuildPhase section */
		0CCBA53B9F1867C7D0837C0E /* Sources */ = {
			isa = PBXSourcesBuildPhase;
			buildActionMask = 2147483647;
			files = (
				18712CA3CB61E27CCD5D41CD /* M002RelayFlowUITests.swift in Sources */,
			);
			runOnlyForDeploymentPostprocessing = 0;
		};
		74942A27B400182018C0456D /* Sources */ = {
			isa = PBXSourcesBuildPhase;
			buildActionMask = 2147483647;
			files = (
				98E1E66EA87E5D5B6533C34B /* ActiveAccount.generated.swift in Sources */,
				105B3B5416BFBE5FCCBFB4AE /* App.swift in Sources */,
				A3C9A4EBF2FD6DD86860148A /* DataStates.swift in Sources */,
				502091213898ECEAF798A254 /* DiscoveredGroups.generated.swift in Sources */,
				FA0001AD0001AD0001AD0001 /* GroupDefaults.generated.swift in Sources */,
				6294BB109EC52668BC0483DC /* GroupTimeline.generated.swift in Sources */,
				F022F5F5AD1D3FEB8A3C95F1 /* GroupDiscoveryBridge.swift in Sources */,
				2E3B9C62EDF8200593D23781 /* GroupTree.swift in Sources */,
				A9019E2169DEFAE360008EAF /* GroupTreeView.swift in Sources */,
				F34F6188F65585822D6F52D3 /* KernelBridge.swift in Sources */,
				2AC60DBC2F60DE169BDAE1AC /* KernelModel+Apply.swift in Sources */,
				8CC741A425C070F2840643E6 /* KernelModel+Lifecycle.swift in Sources */,
				86BF88172B8EBF6FEE37D0BB /* KernelModel.swift in Sources */,
				CEECD7F72DD05BE9847DF3AA /* KernelSnapshotTypes.swift in Sources */,
				1B936EDC3EB01641F7D22735 /* KernelUpdateFrameDecoder.swift in Sources */,
				78A47E212755CAECACF88B67 /* KernelUpdateTypes.swift in Sources */,
				42698E6B26592C89A9A89CDA /* KeychainCapability.swift in Sources */,
				11750078DA48DA4AB41A259E /* NmpUpdate.generated.swift in Sources */,
				E9A83B8AD108D592CB4581D8 /* OnboardingView.swift in Sources */,
				ED2181C6AE7C7BD804C1294B /* TwentyNinerCapabilities.swift in Sources */,
				CB6817C74046035284BDFB8C /* TypedProjectionDecoders.swift in Sources */,
				299322783E4F97821BCDEA75 /* TypedProjectionGlue.swift in Sources */,
				8E75BE09E1806CA1CD46DD71 /* group_members_generated.swift in Sources */,
				DC9DF228B6B708C8A180DF5D /* group_tree_generated.swift in Sources */,
				875EFDC7FDDC2917D19FF2A6 /* publish_outbox_generated.swift in Sources */,
			);
			runOnlyForDeploymentPostprocessing = 0;
		};
/* End PBXSourcesBuildPhase section */

/* Begin PBXTargetDependency section */
		B116C4D1CF97305435B87626 /* PBXTargetDependency */ = {
			isa = PBXTargetDependency;
			target = 338017996F4FC4480CD7ABFB /* 29er */;
			targetProxy = 1968355F7480F4E38866F7D0 /* PBXContainerItemProxy */;
		};
/* End PBXTargetDependency section */

/* Begin XCBuildConfiguration section */
		0165B13F0BC05635E2135AB9 /* Debug */ = {
			isa = XCBuildConfiguration;
			buildSettings = {
				BUNDLE_LOADER = "$(TEST_HOST)";
				DEVELOPMENT_TEAM = 456SHKPP26;
				GENERATE_INFOPLIST_FILE = YES;
				LD_RUNPATH_SEARCH_PATHS = (
					"$(inherited)",
					"@executable_path/Frameworks",
					"@loader_path/Frameworks",
				);
				PRODUCT_BUNDLE_IDENTIFIER = io.f7z.app29erUITests;
				PRODUCT_NAME = 29erUITests;
				SDKROOT = iphoneos;
				SWIFT_VERSION = 5.0;
				TARGETED_DEVICE_FAMILY = "1,2";
				TEST_TARGET_NAME = 29er;
			};
			name = Debug;
		};
		67AF7EA19A25A3EE7277974C /* Debug */ = {
			isa = XCBuildConfiguration;
			buildSettings = {
				"ARCHS[sdk=iphonesimulator*]" = arm64;
				ASSETCATALOG_COMPILER_APPICON_NAME = AppIcon;
				ASSETCATALOG_COMPILER_GLOBAL_ACCENT_COLOR_NAME = AccentColor;
				CODE_SIGN_ENTITLEMENTS = 29er/29er.entitlements;
				CODE_SIGN_IDENTITY = "iPhone Developer";
				DEVELOPMENT_TEAM = 456SHKPP26;
				ENABLE_DEBUG_DYLIB = NO;
				ENABLE_USER_SCRIPT_SANDBOXING = NO;
				"FRAMEWORK_SEARCH_PATHS[sdk=iphonesimulator*]" = "/tmp/LocalFrameworks $(inherited)";
				GENERATE_INFOPLIST_FILE = NO;
				INFOPLIST_FILE = 29er/Info.plist;
				LD_RUNPATH_SEARCH_PATHS = (
					"$(inherited)",
					"@executable_path/Frameworks",
				);
				"LIBRARY_SEARCH_PATHS[sdk=iphoneos*]" = (
					"$(SRCROOT)/Vendor/NmpCore.xcframework/ios-arm64",
					"$(SRCROOT)/../../target/aarch64-apple-ios/debug",
					"$(SRCROOT)/../../target/aarch64-apple-ios/release",
				);
				"LIBRARY_SEARCH_PATHS[sdk=iphonesimulator*]" = (
					"$(SRCROOT)/../../target/aarch64-apple-ios-sim/debug",
					"$(SRCROOT)/../../target/aarch64-apple-ios-sim/release",
					"$(SRCROOT)/Vendor/NmpCore.xcframework/ios-arm64-simulator",
				);
				OTHER_LDFLAGS = "$(inherited) -lnmp_app_29er";
				PRODUCT_BUNDLE_IDENTIFIER = io.f7z.app29er;
				PRODUCT_MODULE_NAME = App29er;
				PRODUCT_NAME = 29er;
				SDKROOT = iphoneos;
				SWIFT_OBJC_BRIDGING_HEADER = 29er/Bridge/NmpCore.h;
				TARGETED_DEVICE_FAMILY = "1,2";
			};
			name = Debug;
		};
		7D867AAD9F582C1A0C63A4ED /* Release */ = {
			isa = XCBuildConfiguration;
			buildSettings = {
				ALWAYS_SEARCH_USER_PATHS = NO;
				CLANG_ANALYZER_NONNULL = YES;
				CLANG_ANALYZER_NUMBER_OBJECT_CONVERSION = YES_AGGRESSIVE;
				CLANG_CXX_LANGUAGE_STANDARD = "gnu++14";
				CLANG_CXX_LIBRARY = "libc++";
				CLANG_ENABLE_MODULES = YES;
				CLANG_ENABLE_OBJC_ARC = YES;
				CLANG_ENABLE_OBJC_WEAK = YES;
				CLANG_WARN_BLOCK_CAPTURE_AUTORELEASING = YES;
				CLANG_WARN_BOOL_CONVERSION = YES;
				CLANG_WARN_COMMA = YES;
				CLANG_WARN_CONSTANT_CONVERSION = YES;
				CLANG_WARN_DEPRECATED_OBJC_IMPLEMENTATIONS = YES;
				CLANG_WARN_DIRECT_OBJC_ISA_USAGE = YES_ERROR;
				CLANG_WARN_DOCUMENTATION_COMMENTS = YES;
				CLANG_WARN_EMPTY_BODY = YES;
				CLANG_WARN_ENUM_CONVERSION = YES;
				CLANG_WARN_INFINITE_RECURSION = YES;
				CLANG_WARN_INT_CONVERSION = YES;
				CLANG_WARN_NON_LITERAL_NULL_CONVERSION = YES;
				CLANG_WARN_OBJC_IMPLICIT_RETAIN_SELF = YES;
				CLANG_WARN_OBJC_LITERAL_CONVERSION = YES;
				CLANG_WARN_OBJC_ROOT_CLASS = YES_ERROR;
				CLANG_WARN_QUOTED_INCLUDE_IN_FRAMEWORK_HEADER = YES;
				CLANG_WARN_RANGE_LOOP_ANALYSIS = YES;
				CLANG_WARN_STRICT_PROTOTYPES = YES;
				CLANG_WARN_SUSPICIOUS_MOVE = YES;
				CLANG_WARN_UNGUARDED_AVAILABILITY = YES_AGGRESSIVE;
				CLANG_WARN_UNREACHABLE_CODE = YES;
				CLANG_WARN__DUPLICATE_METHOD_MATCH = YES;
				CODE_SIGN_STYLE = Automatic;
				COPY_PHASE_STRIP = NO;
				DEBUG_INFORMATION_FORMAT = "dwarf-with-dsym";
				ENABLE_NS_ASSERTIONS = NO;
				ENABLE_STRICT_OBJC_MSGSEND = YES;
				GCC_C_LANGUAGE_STANDARD = gnu11;
				GCC_NO_COMMON_BLOCKS = YES;
				GCC_WARN_64_TO_32_BIT_CONVERSION = YES;
				GCC_WARN_ABOUT_RETURN_TYPE = YES_ERROR;
				GCC_WARN_UNDECLARED_SELECTOR = YES;
				GCC_WARN_UNINITIALIZED_AUTOS = YES_AGGRESSIVE;
				GCC_WARN_UNUSED_FUNCTION = YES;
				GCC_WARN_UNUSED_VARIABLE = YES;
				GENERATE_INFOPLIST_FILE = NO;
				IPHONEOS_DEPLOYMENT_TARGET = 26.0;
				MTL_ENABLE_DEBUG_INFO = NO;
				MTL_FAST_MATH = YES;
				PRODUCT_NAME = "$(TARGET_NAME)";
				SDKROOT = iphoneos;
				SWIFT_COMPILATION_MODE = wholemodule;
				SWIFT_OPTIMIZATION_LEVEL = "-O";
				SWIFT_VERSION = 6.0;
			};
			name = Release;
		};
		8E83905B55BAFB4A9FF6120A /* Release */ = {
			isa = XCBuildConfiguration;
			buildSettings = {
				"ARCHS[sdk=iphonesimulator*]" = arm64;
				ASSETCATALOG_COMPILER_APPICON_NAME = AppIcon;
				ASSETCATALOG_COMPILER_GLOBAL_ACCENT_COLOR_NAME = AccentColor;
				CODE_SIGN_ENTITLEMENTS = 29er/29er.entitlements;
				CODE_SIGN_IDENTITY = "iPhone Developer";
				DEVELOPMENT_TEAM = 456SHKPP26;
				ENABLE_DEBUG_DYLIB = NO;
				ENABLE_USER_SCRIPT_SANDBOXING = NO;
				"FRAMEWORK_SEARCH_PATHS[sdk=iphonesimulator*]" = "/tmp/LocalFrameworks $(inherited)";
				GENERATE_INFOPLIST_FILE = NO;
				INFOPLIST_FILE = 29er/Info.plist;
				LD_RUNPATH_SEARCH_PATHS = (
					"$(inherited)",
					"@executable_path/Frameworks",
				);
				"LIBRARY_SEARCH_PATHS[sdk=iphoneos*]" = (
					"$(SRCROOT)/Vendor/NmpCore.xcframework/ios-arm64",
					"$(SRCROOT)/../../target/aarch64-apple-ios/debug",
					"$(SRCROOT)/../../target/aarch64-apple-ios/release",
				);
				"LIBRARY_SEARCH_PATHS[sdk=iphonesimulator*]" = (
					"$(SRCROOT)/../../target/aarch64-apple-ios-sim/debug",
					"$(SRCROOT)/../../target/aarch64-apple-ios-sim/release",
					"$(SRCROOT)/Vendor/NmpCore.xcframework/ios-arm64-simulator",
				);
				OTHER_LDFLAGS = "$(inherited) -lnmp_app_29er";
				PRODUCT_BUNDLE_IDENTIFIER = io.f7z.app29er;
				PRODUCT_MODULE_NAME = App29er;
				PRODUCT_NAME = 29er;
				SDKROOT = iphoneos;
				SWIFT_OBJC_BRIDGING_HEADER = 29er/Bridge/NmpCore.h;
				TARGETED_DEVICE_FAMILY = "1,2";
			};
			name = Release;
		};
		DE8E7CF222C0AA74A7DFC2FD /* Release */ = {
			isa = XCBuildConfiguration;
			buildSettings = {
				BUNDLE_LOADER = "$(TEST_HOST)";
				DEVELOPMENT_TEAM = 456SHKPP26;
				GENERATE_INFOPLIST_FILE = YES;
				LD_RUNPATH_SEARCH_PATHS = (
					"$(inherited)",
					"@executable_path/Frameworks",
					"@loader_path/Frameworks",
				);
				PRODUCT_BUNDLE_IDENTIFIER = io.f7z.app29erUITests;
				PRODUCT_NAME = 29erUITests;
				SDKROOT = iphoneos;
				SWIFT_VERSION = 5.0;
				TARGETED_DEVICE_FAMILY = "1,2";
				TEST_TARGET_NAME = 29er;
			};
			name = Release;
		};
		F2715CB77606625DD411D0B2 /* Debug */ = {
			isa = XCBuildConfiguration;
			buildSettings = {
				ALWAYS_SEARCH_USER_PATHS = NO;
				CLANG_ANALYZER_NONNULL = YES;
				CLANG_ANALYZER_NUMBER_OBJECT_CONVERSION = YES_AGGRESSIVE;
				CLANG_CXX_LANGUAGE_STANDARD = "gnu++14";
				CLANG_CXX_LIBRARY = "libc++";
				CLANG_ENABLE_MODULES = YES;
				CLANG_ENABLE_OBJC_ARC = YES;
				CLANG_ENABLE_OBJC_WEAK = YES;
				CLANG_WARN_BLOCK_CAPTURE_AUTORELEASING = YES;
				CLANG_WARN_BOOL_CONVERSION = YES;
				CLANG_WARN_COMMA = YES;
				CLANG_WARN_CONSTANT_CONVERSION = YES;
				CLANG_WARN_DEPRECATED_OBJC_IMPLEMENTATIONS = YES;
				CLANG_WARN_DIRECT_OBJC_ISA_USAGE = YES_ERROR;
				CLANG_WARN_DOCUMENTATION_COMMENTS = YES;
				CLANG_WARN_EMPTY_BODY = YES;
				CLANG_WARN_ENUM_CONVERSION = YES;
				CLANG_WARN_INFINITE_RECURSION = YES;
				CLANG_WARN_INT_CONVERSION = YES;
				CLANG_WARN_NON_LITERAL_NULL_CONVERSION = YES;
				CLANG_WARN_OBJC_IMPLICIT_RETAIN_SELF = YES;
				CLANG_WARN_OBJC_LITERAL_CONVERSION = YES;
				CLANG_WARN_OBJC_ROOT_CLASS = YES_ERROR;
				CLANG_WARN_QUOTED_INCLUDE_IN_FRAMEWORK_HEADER = YES;
				CLANG_WARN_RANGE_LOOP_ANALYSIS = YES;
				CLANG_WARN_STRICT_PROTOTYPES = YES;
				CLANG_WARN_SUSPICIOUS_MOVE = YES;
				CLANG_WARN_UNGUARDED_AVAILABILITY = YES_AGGRESSIVE;
				CLANG_WARN_UNREACHABLE_CODE = YES;
				CLANG_WARN__DUPLICATE_METHOD_MATCH = YES;
				CODE_SIGN_STYLE = Automatic;
				COPY_PHASE_STRIP = NO;
				DEBUG_INFORMATION_FORMAT = dwarf;
				ENABLE_STRICT_OBJC_MSGSEND = YES;
				ENABLE_TESTABILITY = YES;
				GCC_C_LANGUAGE_STANDARD = gnu11;
				GCC_DYNAMIC_NO_PIC = NO;
				GCC_NO_COMMON_BLOCKS = YES;
				GCC_OPTIMIZATION_LEVEL = 0;
				GCC_PREPROCESSOR_DEFINITIONS = (
					"$(inherited)",
					"DEBUG=1",
				);
				GCC_WARN_64_TO_32_BIT_CONVERSION = YES;
				GCC_WARN_ABOUT_RETURN_TYPE = YES_ERROR;
				GCC_WARN_UNDECLARED_SELECTOR = YES;
				GCC_WARN_UNINITIALIZED_AUTOS = YES_AGGRESSIVE;
				GCC_WARN_UNUSED_FUNCTION = YES;
				GCC_WARN_UNUSED_VARIABLE = YES;
				GENERATE_INFOPLIST_FILE = NO;
				IPHONEOS_DEPLOYMENT_TARGET = 26.0;
				MTL_ENABLE_DEBUG_INFO = INCLUDE_SOURCE;
				MTL_FAST_MATH = YES;
				ONLY_ACTIVE_ARCH = YES;
				PRODUCT_NAME = "$(TARGET_NAME)";
				SDKROOT = iphoneos;
				SWIFT_ACTIVE_COMPILATION_CONDITIONS = DEBUG;
				SWIFT_OPTIMIZATION_LEVEL = "-Onone";
				SWIFT_VERSION = 6.0;
			};
			name = Debug;
		};
/* End XCBuildConfiguration section */

/* Begin XCConfigurationList section */
		33911C5D171BF463D4D1553F /* Build configuration list for PBXProject "29er" */ = {
			isa = XCConfigurationList;
			buildConfigurations = (
				F2715CB77606625DD411D0B2 /* Debug */,
				7D867AAD9F582C1A0C63A4ED /* Release */,
			);
			defaultConfigurationIsVisible = 0;
			defaultConfigurationName = Debug;
		};
		4AA1DC76458F6BB2743AC23D /* Build configuration list for PBXNativeTarget "29er" */ = {
			isa = XCConfigurationList;
			buildConfigurations = (
				67AF7EA19A25A3EE7277974C /* Debug */,
				8E83905B55BAFB4A9FF6120A /* Release */,
			);
			defaultConfigurationIsVisible = 0;
			defaultConfigurationName = Debug;
		};
		701DB151F73F453C04918713 /* Build configuration list for PBXNativeTarget "29erUITests" */ = {
			isa = XCConfigurationList;
			buildConfigurations = (
				0165B13F0BC05635E2135AB9 /* Debug */,
				DE8E7CF222C0AA74A7DFC2FD /* Release */,
			);
			defaultConfigurationIsVisible = 0;
			defaultConfigurationName = Debug;
		};
/* End XCConfigurationList section */

/* Begin XCRemoteSwiftPackageReference section */
		790746444F6FF2E98C6426CC /* XCRemoteSwiftPackageReference "flatbuffers" */ = {
			isa = XCRemoteSwiftPackageReference;
			repositoryURL = "https://github.com/google/flatbuffers.git";
			requirement = {
				kind = upToNextMajorVersion;
				minimumVersion = 25.12.19;
			};
		};
/* End XCRemoteSwiftPackageReference section */

/* Begin XCSwiftPackageProductDependency section */
		27A45A537F41B6F2283F41E1 /* FlatBuffers */ = {
			isa = XCSwiftPackageProductDependency;
			package = 790746444F6FF2E98C6426CC /* XCRemoteSwiftPackageReference "flatbuffers" */;
			productName = FlatBuffers;
		};
/* End XCSwiftPackageProductDependency section */
	};
	rootObject = B280EC427FE3599B00280474 /* Project object */;
}
